
Microsoft Visual Studio Solution File, Format Version 12.00
# Visual Studio Version 16
VisualStudioVersion = 16.0.29326.143
MinimumVisualStudioVersion = 10.0.40219.1
Project("{9A19103F-16F7-4668-BE54-9A1E7A4F7556}") = "AltinnCLI", "AltinnCLI\AltinnCLI.csproj", "{4C29EC9D-0641-4944-A290-3709D5D56BE3}"
EndProject
Project("{9A19103F-16F7-4668-BE54-9A1E7A4F7556}") = "AltinnCLITest", "AltinnCLITest\AltinnCLITest.csproj", "{30D9332F-055D-4D86-9207-FDF9E2166ACB}"
EndProject
Global
	GlobalSection(SolutionConfigurationPlatforms) = preSolution
		Debug|Any CPU = Debug|Any CPU
		Release|Any CPU = Release|Any CPU
	EndGlobalSection
	GlobalSection(ProjectConfigurationPlatforms) = postSolution
		{4C29EC9D-0641-4944-A290-3709D5D56BE3}.Debug|Any CPU.ActiveCfg = Debug|Any CPU
		{4C29EC9D-0641-4944-A290-3709D5D56BE3}.Debug|Any CPU.Build.0 = Debug|Any CPU
		{4C29EC9D-0641-4944-A290-3709D5D56BE3}.Release|Any CPU.ActiveCfg = Release|Any CPU
		{4C29EC9D-0641-4944-A290-3709D5D56BE3}.Release|Any CPU.Build.0 = Release|Any CPU
		{30D9332F-055D-4D86-9207-FDF9E2166ACB}.Debug|Any CPU.ActiveCfg = Debug|Any CPU
		{30D9332F-055D-4D86-9207-FDF9E2166ACB}.Debug|Any CPU.Build.0 = Debug|Any CPU
		{30D9332F-055D-4D86-9207-FDF9E2166ACB}.Release|Any CPU.ActiveCfg = Release|Any CPU
		{30D9332F-055D-4D86-9207-FDF9E2166ACB}.Release|Any CPU.Build.0 = Release|Any CPU
	EndGlobalSection
	GlobalSection(SolutionProperties) = preSolution
		HideSolutionNode = FALSE
	EndGlobalSection
	GlobalSection(ExtensibilityGlobals) = postSolution
		SolutionGuid = {4F2E92CC-992B-4E97-8A15-922D8EFAF81B}
	EndGlobalSection
EndGlobal
