
Microsoft Visual Studio Solution File, Format Version 12.00
# Visual Studio Version 16
VisualStudioVersion = 16.0.29326.143
MinimumVisualStudioVersion = 10.0.40219.1
Project("{9A19103F-16F7-4668-BE54-9A1E7A4F7556}") = "AltinnCLI", "AltinnCLI.csproj", "{B30340F8-9AE5-4735-BE8E-5FCC1F9D9E7C}"
EndProject
Project("{9A19103F-16F7-4668-BE54-9A1E7A4F7556}") = "AltinnCLITest", "..\AltinnCLITest\AltinnCLITest.csproj", "{2E3FAD8E-E784-4D53-AE8F-98FB03B18AE9}"
EndProject
Global
	GlobalSection(SolutionConfigurationPlatforms) = preSolution
		Debug|Any CPU = Debug|Any CPU
		Release|Any CPU = Release|Any CPU
	EndGlobalSection
	GlobalSection(ProjectConfigurationPlatforms) = postSolution
		{B30340F8-9AE5-4735-BE8E-5FCC1F9D9E7C}.Debug|Any CPU.ActiveCfg = Debug|Any CPU
		{B30340F8-9AE5-4735-BE8E-5FCC1F9D9E7C}.Debug|Any CPU.Build.0 = Debug|Any CPU
		{B30340F8-9AE5-4735-BE8E-5FCC1F9D9E7C}.Release|Any CPU.ActiveCfg = Release|Any CPU
		{B30340F8-9AE5-4735-BE8E-5FCC1F9D9E7C}.Release|Any CPU.Build.0 = Release|Any CPU
		{2E3FAD8E-E784-4D53-AE8F-98FB03B18AE9}.Debug|Any CPU.ActiveCfg = Debug|Any CPU
		{2E3FAD8E-E784-4D53-AE8F-98FB03B18AE9}.Debug|Any CPU.Build.0 = Debug|Any CPU
		{2E3FAD8E-E784-4D53-AE8F-98FB03B18AE9}.Release|Any CPU.ActiveCfg = Release|Any CPU
		{2E3FAD8E-E784-4D53-AE8F-98FB03B18AE9}.Release|Any CPU.Build.0 = Release|Any CPU
	EndGlobalSection
	GlobalSection(SolutionProperties) = preSolution
		HideSolutionNode = FALSE
	EndGlobalSection
	GlobalSection(ExtensibilityGlobals) = postSolution
		SolutionGuid = {4F2E92CC-992B-4E97-8A15-922D8EFAF81B}
	EndGlobalSection
EndGlobal
