
Microsoft Visual Studio Solution File, Format Version 12.00
# Visual Studio Version 16
VisualStudioVersion = 16.0.29326.143
MinimumVisualStudioVersion = 10.0.40219.1
Project("{9A19103F-16F7-4668-BE54-9A1E7A4F7556}") = "AltinnCLI", "AltinnCLI\AltinnCLI.csproj", "{1E3B916E-2F07-4B8E-AF20-118DCDDE8993}"
EndProject
Project("{9A19103F-16F7-4668-BE54-9A1E7A4F7556}") = "AltinnCLITest", "AltinnCLITest\AltinnCLITest.csproj", "{187D84CF-2B1C-4082-86C7-842C80E18AC3}"
EndProject
Global
	GlobalSection(SolutionConfigurationPlatforms) = preSolution
		Debug|Any CPU = Debug|Any CPU
		Release|Any CPU = Release|Any CPU
	EndGlobalSection
	GlobalSection(ProjectConfigurationPlatforms) = postSolution
		{1E3B916E-2F07-4B8E-AF20-118DCDDE8993}.Debug|Any CPU.ActiveCfg = Debug|Any CPU
		{1E3B916E-2F07-4B8E-AF20-118DCDDE8993}.Debug|Any CPU.Build.0 = Debug|Any CPU
		{1E3B916E-2F07-4B8E-AF20-118DCDDE8993}.Release|Any CPU.ActiveCfg = Release|Any CPU
		{1E3B916E-2F07-4B8E-AF20-118DCDDE8993}.Release|Any CPU.Build.0 = Release|Any CPU
		{187D84CF-2B1C-4082-86C7-842C80E18AC3}.Debug|Any CPU.ActiveCfg = Debug|Any CPU
		{187D84CF-2B1C-4082-86C7-842C80E18AC3}.Debug|Any CPU.Build.0 = Debug|Any CPU
		{187D84CF-2B1C-4082-86C7-842C80E18AC3}.Release|Any CPU.ActiveCfg = Release|Any CPU
		{187D84CF-2B1C-4082-86C7-842C80E18AC3}.Release|Any CPU.Build.0 = Release|Any CPU
	EndGlobalSection
	GlobalSection(SolutionProperties) = preSolution
		HideSolutionNode = FALSE
	EndGlobalSection
	GlobalSection(ExtensibilityGlobals) = postSolution
		SolutionGuid = {4F2E92CC-992B-4E97-8A15-922D8EFAF81B}
	EndGlobalSection
EndGlobal
